
Microsoft Visual Studio Solution File, Format Version 12.00
# Visual Studio Version 16
VisualStudioVersion = 16.0.31105.61
MinimumVisualStudioVersion = 10.0.40219.1
Project("{9A19103F-16F7-4668-BE54-9A1E7A4F7556}") = "WebApiGP", "WebApiGP\WebApiGP.csproj", "{954713DA-D709-4399-9637-5E4964871047}"
EndProject
Project("{FAE04EC0-301F-11D3-BF4B-00C04F79EFBC}") = "Domain", "Domain\Domain.csproj", "{BB013FEA-EF54-43CA-8716-DF887FEF287B}"
EndProject
Global
	GlobalSection(SolutionConfigurationPlatforms) = preSolution
		Debug|Any CPU = Debug|Any CPU
		Release|Any CPU = Release|Any CPU
	EndGlobalSection
	GlobalSection(ProjectConfigurationPlatforms) = postSolution
		{954713DA-D709-4399-9637-5E4964871047}.Debug|Any CPU.ActiveCfg = Debug|Any CPU
		{954713DA-D709-4399-9637-5E4964871047}.Debug|Any CPU.Build.0 = Debug|Any CPU
		{954713DA-D709-4399-9637-5E4964871047}.Release|Any CPU.ActiveCfg = Release|Any CPU
		{954713DA-D709-4399-9637-5E4964871047}.Release|Any CPU.Build.0 = Release|Any CPU
		{BB013FEA-EF54-43CA-8716-DF887FEF287B}.Debug|Any CPU.ActiveCfg = Debug|Any CPU
		{BB013FEA-EF54-43CA-8716-DF887FEF287B}.Debug|Any CPU.Build.0 = Debug|Any CPU
		{BB013FEA-EF54-43CA-8716-DF887FEF287B}.Release|Any CPU.ActiveCfg = Release|Any CPU
		{BB013FEA-EF54-43CA-8716-DF887FEF287B}.Release|Any CPU.Build.0 = Release|Any CPU
	EndGlobalSection
	GlobalSection(SolutionProperties) = preSolution
		HideSolutionNode = FALSE
	EndGlobalSection
	GlobalSection(ExtensibilityGlobals) = postSolution
		SolutionGuid = {AF36714B-DF26-46F1-B242-4D0364BE02D6}
	EndGlobalSection
EndGlobal
